
Microsoft Visual Studio Solution File, Format Version 12.00
# Visual Studio Version 16
VisualStudioVersion = 16.0.31424.327
MinimumVisualStudioVersion = 10.0.40219.1
Project("{FAE04EC0-301F-11D3-BF4B-00C04F79EFBC}") = "Room Calculator", "Room Calculator\Room Calculator.csproj", "{20BD680E-EAAE-4B52-AD39-5A75DD533B9A}"
EndProject
Global
	GlobalSection(SolutionConfigurationPlatforms) = preSolution
		Debug|Any CPU = Debug|Any CPU
		Release|Any CPU = Release|Any CPU
	EndGlobalSection
	GlobalSection(ProjectConfigurationPlatforms) = postSolution
		{20BD680E-EAAE-4B52-AD39-5A75DD533B9A}.Debug|Any CPU.ActiveCfg = Debug|Any CPU
		{20BD680E-EAAE-4B52-AD39-5A75DD533B9A}.Debug|Any CPU.Build.0 = Debug|Any CPU
		{20BD680E-EAAE-4B52-AD39-5A75DD533B9A}.Release|Any CPU.ActiveCfg = Release|Any CPU
		{20BD680E-EAAE-4B52-AD39-5A75DD533B9A}.Release|Any CPU.Build.0 = Release|Any CPU
	EndGlobalSection
	GlobalSection(SolutionProperties) = preSolution
		HideSolutionNode = FALSE
	EndGlobalSection
	GlobalSection(ExtensibilityGlobals) = postSolution
		SolutionGuid = {23C4E7C4-F80C-431C-B7E9-1850E655294E}
	EndGlobalSection
EndGlobal
